
Microsoft Visual Studio Solution File, Format Version 11.00
# Visual Studio 2010
Project("{FAE04EC0-301F-11D3-BF4B-00C04F79EFBC}") = "ThinkComposer", "ThinkComposer\ThinkComposer.csproj", "{325A7865-E1DB-490E-97D6-C6D570BE952A}"
EndProject
Project("{FAE04EC0-301F-11D3-BF4B-00C04F79EFBC}") = "Common", "Common\Common.csproj", "{2BE2B928-B692-44AB-A90B-38BB8154BBA0}"
EndProject
Project("{2150E333-8FDC-42A3-9474-1A3956D46DE8}") = "Solution Items", "Solution Items", "{9EC3E8E8-238F-433B-BD1B-A9C92A42BD7A}"
	ProjectSection(SolutionItems) = preProject
		PublicationProcedure.txt = PublicationProcedure.txt
	EndProjectSection
EndProject
Project("{54435603-DBB4-11D2-8724-00A0C9A8B90C}") = "Installer", "Installer\Installer.vdproj", "{F340C89A-08E5-471C-92A9-2CA058CA958E}"
EndProject
Project("{FAE04EC0-301F-11D3-BF4B-00C04F79EFBC}") = "AdminUtils", "AdminUtils\AdminUtils.csproj", "{6F111173-F78A-4B66-8805-4FFA0962D4DB}"
EndProject
Project("{FAE04EC0-301F-11D3-BF4B-00C04F79EFBC}") = "DotLiquid-2010", "DotLiquid\DotLiquid-2010.csproj", "{429C3908-6AEA-4EE6-9450-06A196DC87DB}"
EndProject
Project("{FAE04EC0-301F-11D3-BF4B-00C04F79EFBC}") = "ICSharpCode.AvalonEdit", "ICSharpCode.AvalonEdit\ICSharpCode.AvalonEdit.csproj", "{6C55B776-26D4-4DB3-A6AB-87E783B2F3D1}"
EndProject
Project("{2150E333-8FDC-42A3-9474-1A3956D46DE8}") = "Externals", "Externals", "{EB28399E-1BA6-4D2B-8477-D402E32033E5}"
EndProject
Project("{2150E333-8FDC-42A3-9474-1A3956D46DE8}") = "PredefinedContent", "PredefinedContent", "{FDDF1020-73E6-4236-ACE9-7A470D810549}"
	ProjectSection(SolutionItems) = preProject
		PredefinedContent\All-Purpose.tdom = PredefinedContent\All-Purpose.tdom
		PredefinedContent\Argumentative_Mapping.tdom = PredefinedContent\Argumentative_Mapping.tdom
		PredefinedContent\Business_Model.tdom = PredefinedContent\Business_Model.tdom
		PredefinedContent\Class_diagram.tdom = PredefinedContent\Class_diagram.tdom
		PredefinedContent\Concept_Mapping.tdom = PredefinedContent\Concept_Mapping.tdom
		PredefinedContent\Data_Model.tdom = PredefinedContent\Data_Model.tdom
		PredefinedContent\Fast-Food_Cuisine.tdom = PredefinedContent\Fast-Food_Cuisine.tdom
		PredefinedContent\Flowchart.tdom = PredefinedContent\Flowchart.tdom
		PredefinedContent\Genealogy_Tree.tdom = PredefinedContent\Genealogy_Tree.tdom
		PredefinedContent\Influence_Diagram.tdom = PredefinedContent\Influence_Diagram.tdom
		PredefinedContent\Mind_Mapping.tdom = PredefinedContent\Mind_Mapping.tdom
		PredefinedContent\Organizational_Chart.tdom = PredefinedContent\Organizational_Chart.tdom
		PredefinedContent\Sequence_diagram.tdom = PredefinedContent\Sequence_diagram.tdom
		PredefinedContent\TimeLine.tdom = PredefinedContent\TimeLine.tdom
		PredefinedContent\Use_Case_diagram.tdom = PredefinedContent\Use_Case_diagram.tdom
		PredefinedContent\Web_Environment.tdom = PredefinedContent\Web_Environment.tdom
	EndProjectSection
EndProject
Project("{FAE04EC0-301F-11D3-BF4B-00C04F79EFBC}") = "PdfSharp-WPF", "PdfSharpXps\PdfSharp\PdfSharp-WPF.csproj", "{02FCC0BB-2AA2-43BA-8D2F-66D168B87A1D}"
EndProject
Project("{FAE04EC0-301F-11D3-BF4B-00C04F79EFBC}") = "PdfSharp.Xps", "PdfSharpXps\PdfSharp.Xps\PdfSharp.Xps.csproj", "{0BC3964B-A3BC-49D5-9B7C-463299B5A166}"
EndProject
Global
	GlobalSection(SolutionConfigurationPlatforms) = preSolution
		CD_ROM|Any CPU = CD_ROM|Any CPU
		CD_ROM|Mixed Platforms = CD_ROM|Mixed Platforms
		CD_ROM|x86 = CD_ROM|x86
		Debug|Any CPU = Debug|Any CPU
		Debug|Mixed Platforms = Debug|Mixed Platforms
		Debug|x86 = Debug|x86
		DVD-5|Any CPU = DVD-5|Any CPU
		DVD-5|Mixed Platforms = DVD-5|Mixed Platforms
		DVD-5|x86 = DVD-5|x86
		Release|Any CPU = Release|Any CPU
		Release|Mixed Platforms = Release|Mixed Platforms
		Release|x86 = Release|x86
		SingleImage|Any CPU = SingleImage|Any CPU
		SingleImage|Mixed Platforms = SingleImage|Mixed Platforms
		SingleImage|x86 = SingleImage|x86
	EndGlobalSection
	GlobalSection(ProjectConfigurationPlatforms) = postSolution
		{325A7865-E1DB-490E-97D6-C6D570BE952A}.CD_ROM|Any CPU.ActiveCfg = Release|x86
		{325A7865-E1DB-490E-97D6-C6D570BE952A}.CD_ROM|Mixed Platforms.ActiveCfg = Release|x86
		{325A7865-E1DB-490E-97D6-C6D570BE952A}.CD_ROM|Mixed Platforms.Build.0 = Release|x86
		{325A7865-E1DB-490E-97D6-C6D570BE952A}.CD_ROM|x86.ActiveCfg = Release|x86
		{325A7865-E1DB-490E-97D6-C6D570BE952A}.CD_ROM|x86.Build.0 = Release|x86
		{325A7865-E1DB-490E-97D6-C6D570BE952A}.Debug|Any CPU.ActiveCfg = Debug|x86
		{325A7865-E1DB-490E-97D6-C6D570BE952A}.Debug|Mixed Platforms.ActiveCfg = Debug|x86
		{325A7865-E1DB-490E-97D6-C6D570BE952A}.Debug|Mixed Platforms.Build.0 = Debug|x86
		{325A7865-E1DB-490E-97D6-C6D570BE952A}.Debug|x86.ActiveCfg = Debug|x86
		{325A7865-E1DB-490E-97D6-C6D570BE952A}.Debug|x86.Build.0 = Debug|x86
		{325A7865-E1DB-490E-97D6-C6D570BE952A}.DVD-5|Any CPU.ActiveCfg = Debug|x86
		{325A7865-E1DB-490E-97D6-C6D570BE952A}.DVD-5|Mixed Platforms.ActiveCfg = Debug|x86
		{325A7865-E1DB-490E-97D6-C6D570BE952A}.DVD-5|Mixed Platforms.Build.0 = Debug|x86
		{325A7865-E1DB-490E-97D6-C6D570BE952A}.DVD-5|x86.ActiveCfg = Debug|x86
		{325A7865-E1DB-490E-97D6-C6D570BE952A}.DVD-5|x86.Build.0 = Debug|x86
		{325A7865-E1DB-490E-97D6-C6D570BE952A}.Release|Any CPU.ActiveCfg = Release|x86
		{325A7865-E1DB-490E-97D6-C6D570BE952A}.Release|Mixed Platforms.ActiveCfg = Release|x86
		{325A7865-E1DB-490E-97D6-C6D570BE952A}.Release|Mixed Platforms.Build.0 = Release|x86
		{325A7865-E1DB-490E-97D6-C6D570BE952A}.Release|x86.ActiveCfg = Release|x86
		{325A7865-E1DB-490E-97D6-C6D570BE952A}.Release|x86.Build.0 = Release|x86
		{325A7865-E1DB-490E-97D6-C6D570BE952A}.SingleImage|Any CPU.ActiveCfg = Release|x86
		{325A7865-E1DB-490E-97D6-C6D570BE952A}.SingleImage|Mixed Platforms.ActiveCfg = Release|x86
		{325A7865-E1DB-490E-97D6-C6D570BE952A}.SingleImage|Mixed Platforms.Build.0 = Release|x86
		{325A7865-E1DB-490E-97D6-C6D570BE952A}.SingleImage|x86.ActiveCfg = Release|x86
		{325A7865-E1DB-490E-97D6-C6D570BE952A}.SingleImage|x86.Build.0 = Release|x86
		{2BE2B928-B692-44AB-A90B-38BB8154BBA0}.CD_ROM|Any CPU.ActiveCfg = Release|x86
		{2BE2B928-B692-44AB-A90B-38BB8154BBA0}.CD_ROM|Mixed Platforms.ActiveCfg = Release|x86
		{2BE2B928-B692-44AB-A90B-38BB8154BBA0}.CD_ROM|Mixed Platforms.Build.0 = Release|x86
		{2BE2B928-B692-44AB-A90B-38BB8154BBA0}.CD_ROM|x86.ActiveCfg = Release|x86
		{2BE2B928-B692-44AB-A90B-38BB8154BBA0}.CD_ROM|x86.Build.0 = Release|x86
		{2BE2B928-B692-44AB-A90B-38BB8154BBA0}.Debug|Any CPU.ActiveCfg = Debug|x86
		{2BE2B928-B692-44AB-A90B-38BB8154BBA0}.Debug|Mixed Platforms.ActiveCfg = Debug|x86
		{2BE2B928-B692-44AB-A90B-38BB8154BBA0}.Debug|Mixed Platforms.Build.0 = Debug|x86
		{2BE2B928-B692-44AB-A90B-38BB8154BBA0}.Debug|x86.ActiveCfg = Debug|x86
		{2BE2B928-B692-44AB-A90B-38BB8154BBA0}.Debug|x86.Build.0 = Debug|x86
		{2BE2B928-B692-44AB-A90B-38BB8154BBA0}.DVD-5|Any CPU.ActiveCfg = Debug|x86
		{2BE2B928-B692-44AB-A90B-38BB8154BBA0}.DVD-5|Mixed Platforms.ActiveCfg = Debug|x86
		{2BE2B928-B692-44AB-A90B-38BB8154BBA0}.DVD-5|Mixed Platforms.Build.0 = Debug|x86
		{2BE2B928-B692-44AB-A90B-38BB8154BBA0}.DVD-5|x86.ActiveCfg = Debug|x86
		{2BE2B928-B692-44AB-A90B-38BB8154BBA0}.DVD-5|x86.Build.0 = Debug|x86
		{2BE2B928-B692-44AB-A90B-38BB8154BBA0}.Release|Any CPU.ActiveCfg = Release|x86
		{2BE2B928-B692-44AB-A90B-38BB8154BBA0}.Release|Mixed Platforms.ActiveCfg = Release|x86
		{2BE2B928-B692-44AB-A90B-38BB8154BBA0}.Release|Mixed Platforms.Build.0 = Release|x86
		{2BE2B928-B692-44AB-A90B-38BB8154BBA0}.Release|x86.ActiveCfg = Release|x86
		{2BE2B928-B692-44AB-A90B-38BB8154BBA0}.Release|x86.Build.0 = Release|x86
		{2BE2B928-B692-44AB-A90B-38BB8154BBA0}.SingleImage|Any CPU.ActiveCfg = Release|x86
		{2BE2B928-B692-44AB-A90B-38BB8154BBA0}.SingleImage|Mixed Platforms.ActiveCfg = Release|x86
		{2BE2B928-B692-44AB-A90B-38BB8154BBA0}.SingleImage|Mixed Platforms.Build.0 = Release|x86
		{2BE2B928-B692-44AB-A90B-38BB8154BBA0}.SingleImage|x86.ActiveCfg = Release|x86
		{2BE2B928-B692-44AB-A90B-38BB8154BBA0}.SingleImage|x86.Build.0 = Release|x86
		{F340C89A-08E5-471C-92A9-2CA058CA958E}.CD_ROM|Any CPU.ActiveCfg = Release
		{F340C89A-08E5-471C-92A9-2CA058CA958E}.CD_ROM|Any CPU.Build.0 = Release
		{F340C89A-08E5-471C-92A9-2CA058CA958E}.CD_ROM|Mixed Platforms.ActiveCfg = Release
		{F340C89A-08E5-471C-92A9-2CA058CA958E}.CD_ROM|Mixed Platforms.Build.0 = Release
		{F340C89A-08E5-471C-92A9-2CA058CA958E}.CD_ROM|x86.ActiveCfg = Release
		{F340C89A-08E5-471C-92A9-2CA058CA958E}.CD_ROM|x86.Build.0 = Release
		{F340C89A-08E5-471C-92A9-2CA058CA958E}.Debug|Any CPU.ActiveCfg = Debug
		{F340C89A-08E5-471C-92A9-2CA058CA958E}.Debug|Mixed Platforms.ActiveCfg = Debug
		{F340C89A-08E5-471C-92A9-2CA058CA958E}.Debug|x86.ActiveCfg = Debug
		{F340C89A-08E5-471C-92A9-2CA058CA958E}.DVD-5|Any CPU.ActiveCfg = Debug
		{F340C89A-08E5-471C-92A9-2CA058CA958E}.DVD-5|Any CPU.Build.0 = Debug
		{F340C89A-08E5-471C-92A9-2CA058CA958E}.DVD-5|Mixed Platforms.ActiveCfg = Debug
		{F340C89A-08E5-471C-92A9-2CA058CA958E}.DVD-5|Mixed Platforms.Build.0 = Debug
		{F340C89A-08E5-471C-92A9-2CA058CA958E}.DVD-5|x86.ActiveCfg = Debug
		{F340C89A-08E5-471C-92A9-2CA058CA958E}.DVD-5|x86.Build.0 = Debug
		{F340C89A-08E5-471C-92A9-2CA058CA958E}.Release|Any CPU.ActiveCfg = Release
		{F340C89A-08E5-471C-92A9-2CA058CA958E}.Release|Mixed Platforms.ActiveCfg = Release
		{F340C89A-08E5-471C-92A9-2CA058CA958E}.Release|x86.ActiveCfg = Release
		{F340C89A-08E5-471C-92A9-2CA058CA958E}.SingleImage|Any CPU.ActiveCfg = Release
		{F340C89A-08E5-471C-92A9-2CA058CA958E}.SingleImage|Any CPU.Build.0 = Release
		{F340C89A-08E5-471C-92A9-2CA058CA958E}.SingleImage|Mixed Platforms.ActiveCfg = Release
		{F340C89A-08E5-471C-92A9-2CA058CA958E}.SingleImage|Mixed Platforms.Build.0 = Release
		{F340C89A-08E5-471C-92A9-2CA058CA958E}.SingleImage|x86.ActiveCfg = Release
		{F340C89A-08E5-471C-92A9-2CA058CA958E}.SingleImage|x86.Build.0 = Release
		{6F111173-F78A-4B66-8805-4FFA0962D4DB}.CD_ROM|Any CPU.ActiveCfg = Release|x86
		{6F111173-F78A-4B66-8805-4FFA0962D4DB}.CD_ROM|Mixed Platforms.ActiveCfg = Release|x86
		{6F111173-F78A-4B66-8805-4FFA0962D4DB}.CD_ROM|Mixed Platforms.Build.0 = Release|x86
		{6F111173-F78A-4B66-8805-4FFA0962D4DB}.CD_ROM|x86.ActiveCfg = Release|x86
		{6F111173-F78A-4B66-8805-4FFA0962D4DB}.CD_ROM|x86.Build.0 = Release|x86
		{6F111173-F78A-4B66-8805-4FFA0962D4DB}.Debug|Any CPU.ActiveCfg = Debug|x86
		{6F111173-F78A-4B66-8805-4FFA0962D4DB}.Debug|Mixed Platforms.ActiveCfg = Debug|x86
		{6F111173-F78A-4B66-8805-4FFA0962D4DB}.Debug|Mixed Platforms.Build.0 = Debug|x86
		{6F111173-F78A-4B66-8805-4FFA0962D4DB}.Debug|x86.ActiveCfg = Debug|x86
		{6F111173-F78A-4B66-8805-4FFA0962D4DB}.Debug|x86.Build.0 = Debug|x86
		{6F111173-F78A-4B66-8805-4FFA0962D4DB}.DVD-5|Any CPU.ActiveCfg = Debug|x86
		{6F111173-F78A-4B66-8805-4FFA0962D4DB}.DVD-5|Mixed Platforms.ActiveCfg = Debug|x86
		{6F111173-F78A-4B66-8805-4FFA0962D4DB}.DVD-5|Mixed Platforms.Build.0 = Debug|x86
		{6F111173-F78A-4B66-8805-4FFA0962D4DB}.DVD-5|x86.ActiveCfg = Debug|x86
		{6F111173-F78A-4B66-8805-4FFA0962D4DB}.DVD-5|x86.Build.0 = Debug|x86
		{6F111173-F78A-4B66-8805-4FFA0962D4DB}.Release|Any CPU.ActiveCfg = Release|x86
		{6F111173-F78A-4B66-8805-4FFA0962D4DB}.Release|Mixed Platforms.ActiveCfg = Release|x86
		{6F111173-F78A-4B66-8805-4FFA0962D4DB}.Release|Mixed Platforms.Build.0 = Release|x86
		{6F111173-F78A-4B66-8805-4FFA0962D4DB}.Release|x86.ActiveCfg = Release|x86
		{6F111173-F78A-4B66-8805-4FFA0962D4DB}.Release|x86.Build.0 = Release|x86
		{6F111173-F78A-4B66-8805-4FFA0962D4DB}.SingleImage|Any CPU.ActiveCfg = Release|x86
		{6F111173-F78A-4B66-8805-4FFA0962D4DB}.SingleImage|Mixed Platforms.ActiveCfg = Release|x86
		{6F111173-F78A-4B66-8805-4FFA0962D4DB}.SingleImage|Mixed Platforms.Build.0 = Release|x86
		{6F111173-F78A-4B66-8805-4FFA0962D4DB}.SingleImage|x86.ActiveCfg = Release|x86
		{6F111173-F78A-4B66-8805-4FFA0962D4DB}.SingleImage|x86.Build.0 = Release|x86
		{429C3908-6AEA-4EE6-9450-06A196DC87DB}.CD_ROM|Any CPU.ActiveCfg = Release|Any CPU
		{429C3908-6AEA-4EE6-9450-06A196DC87DB}.CD_ROM|Any CPU.Build.0 = Release|Any CPU
		{429C3908-6AEA-4EE6-9450-06A196DC87DB}.CD_ROM|Mixed Platforms.ActiveCfg = Release|Any CPU
		{429C3908-6AEA-4EE6-9450-06A196DC87DB}.CD_ROM|Mixed Platforms.Build.0 = Release|Any CPU
		{429C3908-6AEA-4EE6-9450-06A196DC87DB}.CD_ROM|x86.ActiveCfg = Release|Any CPU
		{429C3908-6AEA-4EE6-9450-06A196DC87DB}.Debug|Any CPU.ActiveCfg = Debug|Any CPU
		{429C3908-6AEA-4EE6-9450-06A196DC87DB}.Debug|Any CPU.Build.0 = Debug|Any CPU
		{429C3908-6AEA-4EE6-9450-06A196DC87DB}.Debug|Mixed Platforms.ActiveCfg = Debug|Any CPU
		{429C3908-6AEA-4EE6-9450-06A196DC87DB}.Debug|Mixed Platforms.Build.0 = Debug|Any CPU
		{429C3908-6AEA-4EE6-9450-06A196DC87DB}.Debug|x86.ActiveCfg = Debug|Any CPU
		{429C3908-6AEA-4EE6-9450-06A196DC87DB}.DVD-5|Any CPU.ActiveCfg = Debug|Any CPU
		{429C3908-6AEA-4EE6-9450-06A196DC87DB}.DVD-5|Any CPU.Build.0 = Debug|Any CPU
		{429C3908-6AEA-4EE6-9450-06A196DC87DB}.DVD-5|Mixed Platforms.ActiveCfg = Debug|Any CPU
		{429C3908-6AEA-4EE6-9450-06A196DC87DB}.DVD-5|Mixed Platforms.Build.0 = Debug|Any CPU
		{429C3908-6AEA-4EE6-9450-06A196DC87DB}.DVD-5|x86.ActiveCfg = Debug|Any CPU
		{429C3908-6AEA-4EE6-9450-06A196DC87DB}.Release|Any CPU.ActiveCfg = Release|Any CPU
		{429C3908-6AEA-4EE6-9450-06A196DC87DB}.Release|Any CPU.Build.0 = Release|Any CPU
		{429C3908-6AEA-4EE6-9450-06A196DC87DB}.Release|Mixed Platforms.ActiveCfg = Release|Any CPU
		{429C3908-6AEA-4EE6-9450-06A196DC87DB}.Release|Mixed Platforms.Build.0 = Release|Any CPU
		{429C3908-6AEA-4EE6-9450-06A196DC87DB}.Release|x86.ActiveCfg = Release|Any CPU
		{429C3908-6AEA-4EE6-9450-06A196DC87DB}.SingleImage|Any CPU.ActiveCfg = Release|Any CPU
		{429C3908-6AEA-4EE6-9450-06A196DC87DB}.SingleImage|Any CPU.Build.0 = Release|Any CPU
		{429C3908-6AEA-4EE6-9450-06A196DC87DB}.SingleImage|Mixed Platforms.ActiveCfg = Release|Any CPU
		{429C3908-6AEA-4EE6-9450-06A196DC87DB}.SingleImage|Mixed Platforms.Build.0 = Release|Any CPU
		{429C3908-6AEA-4EE6-9450-06A196DC87DB}.SingleImage|x86.ActiveCfg = Release|Any CPU
		{6C55B776-26D4-4DB3-A6AB-87E783B2F3D1}.CD_ROM|Any CPU.ActiveCfg = Release|Any CPU
		{6C55B776-26D4-4DB3-A6AB-87E783B2F3D1}.CD_ROM|Any CPU.Build.0 = Release|Any CPU
		{6C55B776-26D4-4DB3-A6AB-87E783B2F3D1}.CD_ROM|Mixed Platforms.ActiveCfg = Release|Any CPU
		{6C55B776-26D4-4DB3-A6AB-87E783B2F3D1}.CD_ROM|Mixed Platforms.Build.0 = Release|Any CPU
		{6C55B776-26D4-4DB3-A6AB-87E783B2F3D1}.CD_ROM|x86.ActiveCfg = Release|Any CPU
		{6C55B776-26D4-4DB3-A6AB-87E783B2F3D1}.Debug|Any CPU.ActiveCfg = Debug|Any CPU
		{6C55B776-26D4-4DB3-A6AB-87E783B2F3D1}.Debug|Any CPU.Build.0 = Debug|Any CPU
		{6C55B776-26D4-4DB3-A6AB-87E783B2F3D1}.Debug|Mixed Platforms.ActiveCfg = Debug|Any CPU
		{6C55B776-26D4-4DB3-A6AB-87E783B2F3D1}.Debug|Mixed Platforms.Build.0 = Debug|Any CPU
		{6C55B776-26D4-4DB3-A6AB-87E783B2F3D1}.Debug|x86.ActiveCfg = Debug|Any CPU
		{6C55B776-26D4-4DB3-A6AB-87E783B2F3D1}.DVD-5|Any CPU.ActiveCfg = Debug|Any CPU
		{6C55B776-26D4-4DB3-A6AB-87E783B2F3D1}.DVD-5|Any CPU.Build.0 = Debug|Any CPU
		{6C55B776-26D4-4DB3-A6AB-87E783B2F3D1}.DVD-5|Mixed Platforms.ActiveCfg = Debug|Any CPU
		{6C55B776-26D4-4DB3-A6AB-87E783B2F3D1}.DVD-5|Mixed Platforms.Build.0 = Debug|Any CPU
		{6C55B776-26D4-4DB3-A6AB-87E783B2F3D1}.DVD-5|x86.ActiveCfg = Debug|Any CPU
		{6C55B776-26D4-4DB3-A6AB-87E783B2F3D1}.Release|Any CPU.ActiveCfg = Release|Any CPU
		{6C55B776-26D4-4DB3-A6AB-87E783B2F3D1}.Release|Any CPU.Build.0 = Release|Any CPU
		{6C55B776-26D4-4DB3-A6AB-87E783B2F3D1}.Release|Mixed Platforms.ActiveCfg = Release|Any CPU
		{6C55B776-26D4-4DB3-A6AB-87E783B2F3D1}.Release|Mixed Platforms.Build.0 = Release|Any CPU
		{6C55B776-26D4-4DB3-A6AB-87E783B2F3D1}.Release|x86.ActiveCfg = Release|Any CPU
		{6C55B776-26D4-4DB3-A6AB-87E783B2F3D1}.SingleImage|Any CPU.ActiveCfg = Release|Any CPU
		{6C55B776-26D4-4DB3-A6AB-87E783B2F3D1}.SingleImage|Any CPU.Build.0 = Release|Any CPU
		{6C55B776-26D4-4DB3-A6AB-87E783B2F3D1}.SingleImage|Mixed Platforms.ActiveCfg = Release|Any CPU
		{6C55B776-26D4-4DB3-A6AB-87E783B2F3D1}.SingleImage|Mixed Platforms.Build.0 = Release|Any CPU
		{6C55B776-26D4-4DB3-A6AB-87E783B2F3D1}.SingleImage|x86.ActiveCfg = Release|Any CPU
		{02FCC0BB-2AA2-43BA-8D2F-66D168B87A1D}.CD_ROM|Any CPU.ActiveCfg = Release|Any CPU
		{02FCC0BB-2AA2-43BA-8D2F-66D168B87A1D}.CD_ROM|Any CPU.Build.0 = Release|Any CPU
		{02FCC0BB-2AA2-43BA-8D2F-66D168B87A1D}.CD_ROM|Mixed Platforms.ActiveCfg = Release|Any CPU
		{02FCC0BB-2AA2-43BA-8D2F-66D168B87A1D}.CD_ROM|Mixed Platforms.Build.0 = Release|Any CPU
		{02FCC0BB-2AA2-43BA-8D2F-66D168B87A1D}.CD_ROM|x86.ActiveCfg = Release|Any CPU
		{02FCC0BB-2AA2-43BA-8D2F-66D168B87A1D}.Debug|Any CPU.ActiveCfg = Debug|Any CPU
		{02FCC0BB-2AA2-43BA-8D2F-66D168B87A1D}.Debug|Any CPU.Build.0 = Debug|Any CPU
		{02FCC0BB-2AA2-43BA-8D2F-66D168B87A1D}.Debug|Mixed Platforms.ActiveCfg = Debug|Any CPU
		{02FCC0BB-2AA2-43BA-8D2F-66D168B87A1D}.Debug|Mixed Platforms.Build.0 = Debug|Any CPU
		{02FCC0BB-2AA2-43BA-8D2F-66D168B87A1D}.Debug|x86.ActiveCfg = Debug|Any CPU
		{02FCC0BB-2AA2-43BA-8D2F-66D168B87A1D}.DVD-5|Any CPU.ActiveCfg = Debug|Any CPU
		{02FCC0BB-2AA2-43BA-8D2F-66D168B87A1D}.DVD-5|Any CPU.Build.0 = Debug|Any CPU
		{02FCC0BB-2AA2-43BA-8D2F-66D168B87A1D}.DVD-5|Mixed Platforms.ActiveCfg = Debug|Any CPU
		{02FCC0BB-2AA2-43BA-8D2F-66D168B87A1D}.DVD-5|Mixed Platforms.Build.0 = Debug|Any CPU
		{02FCC0BB-2AA2-43BA-8D2F-66D168B87A1D}.DVD-5|x86.ActiveCfg = Debug|Any CPU
		{02FCC0BB-2AA2-43BA-8D2F-66D168B87A1D}.Release|Any CPU.ActiveCfg = Release|Any CPU
		{02FCC0BB-2AA2-43BA-8D2F-66D168B87A1D}.Release|Any CPU.Build.0 = Release|Any CPU
		{02FCC0BB-2AA2-43BA-8D2F-66D168B87A1D}.Release|Mixed Platforms.ActiveCfg = Release|Any CPU
		{02FCC0BB-2AA2-43BA-8D2F-66D168B87A1D}.Release|Mixed Platforms.Build.0 = Release|Any CPU
		{02FCC0BB-2AA2-43BA-8D2F-66D168B87A1D}.Release|x86.ActiveCfg = Release|Any CPU
		{02FCC0BB-2AA2-43BA-8D2F-66D168B87A1D}.SingleImage|Any CPU.ActiveCfg = Release|Any CPU
		{02FCC0BB-2AA2-43BA-8D2F-66D168B87A1D}.SingleImage|Any CPU.Build.0 = Release|Any CPU
		{02FCC0BB-2AA2-43BA-8D2F-66D168B87A1D}.SingleImage|Mixed Platforms.ActiveCfg = Release|Any CPU
		{02FCC0BB-2AA2-43BA-8D2F-66D168B87A1D}.SingleImage|Mixed Platforms.Build.0 = Release|Any CPU
		{02FCC0BB-2AA2-43BA-8D2F-66D168B87A1D}.SingleImage|x86.ActiveCfg = Release|Any CPU
		{0BC3964B-A3BC-49D5-9B7C-463299B5A166}.CD_ROM|Any CPU.ActiveCfg = Release|Any CPU
		{0BC3964B-A3BC-49D5-9B7C-463299B5A166}.CD_ROM|Any CPU.Build.0 = Release|Any CPU
		{0BC3964B-A3BC-49D5-9B7C-463299B5A166}.CD_ROM|Mixed Platforms.ActiveCfg = Release|Any CPU
		{0BC3964B-A3BC-49D5-9B7C-463299B5A166}.CD_ROM|Mixed Platforms.Build.0 = Release|Any CPU
		{0BC3964B-A3BC-49D5-9B7C-463299B5A166}.CD_ROM|x86.ActiveCfg = Release|Any CPU
		{0BC3964B-A3BC-49D5-9B7C-463299B5A166}.Debug|Any CPU.ActiveCfg = Debug|Any CPU
		{0BC3964B-A3BC-49D5-9B7C-463299B5A166}.Debug|Any CPU.Build.0 = Debug|Any CPU
		{0BC3964B-A3BC-49D5-9B7C-463299B5A166}.Debug|Mixed Platforms.ActiveCfg = Debug|Any CPU
		{0BC3964B-A3BC-49D5-9B7C-463299B5A166}.Debug|Mixed Platforms.Build.0 = Debug|Any CPU
		{0BC3964B-A3BC-49D5-9B7C-463299B5A166}.Debug|x86.ActiveCfg = Debug|Any CPU
		{0BC3964B-A3BC-49D5-9B7C-463299B5A166}.DVD-5|Any CPU.ActiveCfg = Debug|Any CPU
		{0BC3964B-A3BC-49D5-9B7C-463299B5A166}.DVD-5|Any CPU.Build.0 = Debug|Any CPU
		{0BC3964B-A3BC-49D5-9B7C-463299B5A166}.DVD-5|Mixed Platforms.ActiveCfg = Debug|Any CPU
		{0BC3964B-A3BC-49D5-9B7C-463299B5A166}.DVD-5|Mixed Platforms.Build.0 = Debug|Any CPU
		{0BC3964B-A3BC-49D5-9B7C-463299B5A166}.DVD-5|x86.ActiveCfg = Debug|Any CPU
		{0BC3964B-A3BC-49D5-9B7C-463299B5A166}.Release|Any CPU.ActiveCfg = Release|Any CPU
		{0BC3964B-A3BC-49D5-9B7C-463299B5A166}.Release|Any CPU.Build.0 = Release|Any CPU
		{0BC3964B-A3BC-49D5-9B7C-463299B5A166}.Release|Mixed Platforms.ActiveCfg = Release|Any CPU
		{0BC3964B-A3BC-49D5-9B7C-463299B5A166}.Release|Mixed Platforms.Build.0 = Release|Any CPU
		{0BC3964B-A3BC-49D5-9B7C-463299B5A166}.Release|x86.ActiveCfg = Release|Any CPU
		{0BC3964B-A3BC-49D5-9B7C-463299B5A166}.SingleImage|Any CPU.ActiveCfg = Release|Any CPU
		{0BC3964B-A3BC-49D5-9B7C-463299B5A166}.SingleImage|Any CPU.Build.0 = Release|Any CPU
		{0BC3964B-A3BC-49D5-9B7C-463299B5A166}.SingleImage|Mixed Platforms.ActiveCfg = Release|Any CPU
		{0BC3964B-A3BC-49D5-9B7C-463299B5A166}.SingleImage|Mixed Platforms.Build.0 = Release|Any CPU
		{0BC3964B-A3BC-49D5-9B7C-463299B5A166}.SingleImage|x86.ActiveCfg = Release|Any CPU
	EndGlobalSection
	GlobalSection(SolutionProperties) = preSolution
		HideSolutionNode = FALSE
	EndGlobalSection
	GlobalSection(NestedProjects) = preSolution
		{6C55B776-26D4-4DB3-A6AB-87E783B2F3D1} = {EB28399E-1BA6-4D2B-8477-D402E32033E5}
		{429C3908-6AEA-4EE6-9450-06A196DC87DB} = {EB28399E-1BA6-4D2B-8477-D402E32033E5}
		{02FCC0BB-2AA2-43BA-8D2F-66D168B87A1D} = {EB28399E-1BA6-4D2B-8477-D402E32033E5}
		{0BC3964B-A3BC-49D5-9B7C-463299B5A166} = {EB28399E-1BA6-4D2B-8477-D402E32033E5}
	EndGlobalSection
EndGlobal
